
Microsoft Visual Studio Solution File, Format Version 12.00
# Visual Studio Version 17
VisualStudioVersion = 17.0.31903.59
MinimumVisualStudioVersion = 10.0.40219.1
Project("{2150E333-8FDC-42A3-9474-1A3956D46DE8}") = "server", "server", "{DAD03CFC-D5FA-AC94-41C7-9ABAB326F09E}"
EndProject
Project("{FAE04EC0-301F-11D3-BF4B-00C04F79EFBC}") = "Api", "server\Api\Api.csproj", "{ABF2571D-A8C5-4D68-9B25-93215594302C}"
EndProject
Project("{FAE04EC0-301F-11D3-BF4B-00C04F79EFBC}") = "DataAccess", "server\DataAccess\DataAccess.csproj", "{20156C48-94A9-41B8-AF00-26E7E24BE1B5}"
EndProject
Project("{FAE04EC0-301F-11D3-BF4B-00C04F79EFBC}") = "Tests", "server\Tests\Tests.csproj", "{3E6970E0-5D87-47A9-8879-EAC420F1D2F4}"
EndProject
Global
	GlobalSection(SolutionConfigurationPlatforms) = preSolution
		Debug|Any CPU = Debug|Any CPU
		Debug|x64 = Debug|x64
		Debug|x86 = Debug|x86
		Release|Any CPU = Release|Any CPU
		Release|x64 = Release|x64
		Release|x86 = Release|x86
	EndGlobalSection
	GlobalSection(ProjectConfigurationPlatforms) = postSolution
		{ABF2571D-A8C5-4D68-9B25-93215594302C}.Debug|Any CPU.ActiveCfg = Debug|Any CPU
		{ABF2571D-A8C5-4D68-9B25-93215594302C}.Debug|Any CPU.Build.0 = Debug|Any CPU
		{ABF2571D-A8C5-4D68-9B25-93215594302C}.Debug|x64.ActiveCfg = Debug|Any CPU
		{ABF2571D-A8C5-4D68-9B25-93215594302C}.Debug|x64.Build.0 = Debug|Any CPU
		{ABF2571D-A8C5-4D68-9B25-93215594302C}.Debug|x86.ActiveCfg = Debug|Any CPU
		{ABF2571D-A8C5-4D68-9B25-93215594302C}.Debug|x86.Build.0 = Debug|Any CPU
		{ABF2571D-A8C5-4D68-9B25-93215594302C}.Release|Any CPU.ActiveCfg = Release|Any CPU
		{ABF2571D-A8C5-4D68-9B25-93215594302C}.Release|Any CPU.Build.0 = Release|Any CPU
		{ABF2571D-A8C5-4D68-9B25-93215594302C}.Release|x64.ActiveCfg = Release|Any CPU
		{ABF2571D-A8C5-4D68-9B25-93215594302C}.Release|x64.Build.0 = Release|Any CPU
		{ABF2571D-A8C5-4D68-9B25-93215594302C}.Release|x86.ActiveCfg = Release|Any CPU
		{ABF2571D-A8C5-4D68-9B25-93215594302C}.Release|x86.Build.0 = Release|Any CPU
		{20156C48-94A9-41B8-AF00-26E7E24BE1B5}.Debug|Any CPU.ActiveCfg = Debug|Any CPU
		{20156C48-94A9-41B8-AF00-26E7E24BE1B5}.Debug|Any CPU.Build.0 = Debug|Any CPU
		{20156C48-94A9-41B8-AF00-26E7E24BE1B5}.Debug|x64.ActiveCfg = Debug|Any CPU
		{20156C48-94A9-41B8-AF00-26E7E24BE1B5}.Debug|x64.Build.0 = Debug|Any CPU
		{20156C48-94A9-41B8-AF00-26E7E24BE1B5}.Debug|x86.ActiveCfg = Debug|Any CPU
		{20156C48-94A9-41B8-AF00-26E7E24BE1B5}.Debug|x86.Build.0 = Debug|Any CPU
		{20156C48-94A9-41B8-AF00-26E7E24BE1B5}.Release|Any CPU.ActiveCfg = Release|Any CPU
		{20156C48-94A9-41B8-AF00-26E7E24BE1B5}.Release|Any CPU.Build.0 = Release|Any CPU
		{20156C48-94A9-41B8-AF00-26E7E24BE1B5}.Release|x64.ActiveCfg = Release|Any CPU
		{20156C48-94A9-41B8-AF00-26E7E24BE1B5}.Release|x64.Build.0 = Release|Any CPU
		{20156C48-94A9-41B8-AF00-26E7E24BE1B5}.Release|x86.ActiveCfg = Release|Any CPU
		{20156C48-94A9-41B8-AF00-26E7E24BE1B5}.Release|x86.Build.0 = Release|Any CPU
		{3E6970E0-5D87-47A9-8879-EAC420F1D2F4}.Debug|Any CPU.ActiveCfg = Debug|Any CPU
		{3E6970E0-5D87-47A9-8879-EAC420F1D2F4}.Debug|Any CPU.Build.0 = Debug|Any CPU
		{3E6970E0-5D87-47A9-8879-EAC420F1D2F4}.Debug|x64.ActiveCfg = Debug|Any CPU
		{3E6970E0-5D87-47A9-8879-EAC420F1D2F4}.Debug|x64.Build.0 = Debug|Any CPU
		{3E6970E0-5D87-47A9-8879-EAC420F1D2F4}.Debug|x86.ActiveCfg = Debug|Any CPU
		{3E6970E0-5D87-47A9-8879-EAC420F1D2F4}.Debug|x86.Build.0 = Debug|Any CPU
		{3E6970E0-5D87-47A9-8879-EAC420F1D2F4}.Release|Any CPU.ActiveCfg = Release|Any CPU
		{3E6970E0-5D87-47A9-8879-EAC420F1D2F4}.Release|Any CPU.Build.0 = Release|Any CPU
		{3E6970E0-5D87-47A9-8879-EAC420F1D2F4}.Release|x64.ActiveCfg = Release|Any CPU
		{3E6970E0-5D87-47A9-8879-EAC420F1D2F4}.Release|x64.Build.0 = Release|Any CPU
		{3E6970E0-5D87-47A9-8879-EAC420F1D2F4}.Release|x86.ActiveCfg = Release|Any CPU
		{3E6970E0-5D87-47A9-8879-EAC420F1D2F4}.Release|x86.Build.0 = Release|Any CPU
	EndGlobalSection
	GlobalSection(SolutionProperties) = preSolution
		HideSolutionNode = FALSE
	EndGlobalSection
	GlobalSection(NestedProjects) = preSolution
		{ABF2571D-A8C5-4D68-9B25-93215594302C} = {DAD03CFC-D5FA-AC94-41C7-9ABAB326F09E}
		{20156C48-94A9-41B8-AF00-26E7E24BE1B5} = {DAD03CFC-D5FA-AC94-41C7-9ABAB326F09E}
		{3E6970E0-5D87-47A9-8879-EAC420F1D2F4} = {DAD03CFC-D5FA-AC94-41C7-9ABAB326F09E}
	EndGlobalSection
EndGlobal
